// !$*UTF8*$!
{
	archiveVersion = 1;
	classes = {
	};
	objectVersion = 77;
	objects = {

/* Begin PBXContainerItemProxy section */
		D9DD49022FCEB5AA00DAE703 /* PBXContainerItemProxy */ = {
			isa = PBXContainerItemProxy;
			containerPortal = D9DD48E82FCEB5A800DAE703 /* Project object */;
			proxyType = 1;
			remoteGlobalIDString = D9DD48EF2FCEB5A800DAE703;
			remoteInfo = LibreBase;
		};
		D9DD490C2FCEB5AA00DAE703 /* PBXContainerItemProxy */ = {
			isa = PBXContainerItemProxy;
			containerPortal = D9DD48E82FCEB5A800DAE703 /* Project object */;
			proxyType = 1;
			remoteGlobalIDString = D9DD48EF2FCEB5A800DAE703;
			remoteInfo = LibreBase;
		};
/* End PBXContainerItemProxy section */

/* Begin PBXFileReference section */
		D9DD48F02FCEB5A800DAE703 /* LibreBase.app */ = {isa = PBXFileReference; explicitFileType = wrapper.application; includeInIndex = 0; path = LibreBase.app; sourceTree = BUILT_PRODUCTS_DIR; };
		D9DD49012FCEB5AA00DAE703 /* LibreBaseTests.xctest */ = {isa = PBXFileReference; explicitFileType = wrapper.cfbundle; includeInIndex = 0; path = LibreBaseTests.xctest; sourceTree = BUILT_PRODUCTS_DIR; };
		D9DD490B2FCEB5AA00DAE703 /* LibreBaseUITests.xctest */ = {isa = PBXFileReference; explicitFileType = wrapper.cfbundle; includeInIndex = 0; path = LibreBaseUITests.xctest; sourceTree = BUILT_PRODUCTS_DIR; };
/* End PBXFileReference section */

/* Begin PBXFileSystemSynchronizedBuildFileExceptionSet section */
		D9DD49132FCEB5AA00DAE703 /* Exceptions for "LibreBase" folder in "LibreBase" target */ = {
			isa = PBXFileSystemSynchronizedBuildFileExceptionSet;
			membershipExceptions = (
				Info.plist,
			);
			target = D9DD48EF2FCEB5A800DAE703 /* LibreBase */;
		};
/* End PBXFileSystemSynchronizedBuildFileExceptionSet section */

/* Begin PBXFileSystemSynchronizedRootGroup section */
		D9DD48F22FCEB5A800DAE703 /* LibreBase */ = {
			isa = PBXFileSystemSynchronizedRootGroup;
			exceptions = (
				D9DD49132FCEB5AA00DAE703 /* Exceptions for "LibreBase" folder in "LibreBase" target */,
			);
			path = LibreBase;
			sourceTree = "<group>";
		};
		D9DD49042FCEB5AA00DAE703 /* LibreBaseTests */ = {
			isa = PBXFileSystemSynchronizedRootGroup;
			path = LibreBaseTests;
			sourceTree = "<group>";
		};
		D9DD490E2FCEB5AA00DAE703 /* LibreBaseUITests */ = {
			isa = PBXFileSystemSynchronizedRootGroup;
			path = LibreBaseUITests;
			sourceTree = "<group>";
		};
/* End PBXFileSystemSynchronizedRootGroup section */

/* Begin PBXFrameworksBuildPhase section */
		D9DD48ED2FCEB5A800DAE703 /* Frameworks */ = {
			isa = PBXFrameworksBuildPhase;
			buildActionMask = 2147483647;
			files = (
			);
			runOnlyForDeploymentPostprocessing = 0;
		};
		D9DD48FE2FCEB5AA00DAE703 /* Frameworks */ = {
			isa = PBXFrameworksBuildPhase;
			buildActionMask = 2147483647;
			files = (
			);
			runOnlyForDeploymentPostprocessing = 0;
		};
		D9DD49082FCEB5AA00DAE703 /* Frameworks */ = {
			isa = PBXFrameworksBuildPhase;
			buildActionMask = 2147483647;
			files = (
			);
			runOnlyForDeploymentPostprocessing = 0;
		};
/* End PBXFrameworksBuildPhase section */

/* Begin PBXGroup section */
		D9DD48E72FCEB5A800DAE703 = {
			isa = PBXGroup;
			children = (
				D9DD48F22FCEB5A800DAE703 /* LibreBase */,
				D9DD49042FCEB5AA00DAE703 /* LibreBaseTests */,
				D9DD490E2FCEB5AA00DAE703 /* LibreBaseUITests */,
				D9DD48F12FCEB5A800DAE703 /* Products */,
			);
			sourceTree = "<group>";
		};
		D9DD48F12FCEB5A800DAE703 /* Products */ = {
			isa = PBXGroup;
			children = (
				D9DD48F02FCEB5A800DAE703 /* LibreBase.app */,
				D9DD49012FCEB5AA00DAE703 /* LibreBaseTests.xctest */,
				D9DD490B2FCEB5AA00DAE703 /* LibreBaseUITests.xctest */,
			);
			name = Products;
			sourceTree = "<group>";
		};
/* End PBXGroup section */

/* Begin PBXNativeTarget section */
		D9DD48EF2FCEB5A800DAE703 /* LibreBase */ = {
			isa = PBXNativeTarget;
			buildConfigurationList = D9DD49142FCEB5AA00DAE703 /* Build configuration list for PBXNativeTarget "LibreBase" */;
			buildPhases = (
				D9DD48EC2FCEB5A800DAE703 /* Sources */,
				D9DD48ED2FCEB5A800DAE703 /* Frameworks */,
				D9DD48EE2FCEB5A800DAE703 /* Resources */,
			);
			buildRules = (
			);
			dependencies = (
			);
			fileSystemSynchronizedGroups = (
				D9DD48F22FCEB5A800DAE703 /* LibreBase */,
			);
			name = LibreBase;
			packageProductDependencies = (
			);
			productName = LibreBase;
			productReference = D9DD48F02FCEB5A800DAE703 /* LibreBase.app */;
			productType = "com.apple.product-type.application";
		};
		D9DD49002FCEB5AA00DAE703 /* LibreBaseTests */ = {
			isa = PBXNativeTarget;
			buildConfigurationList = D9DD49192FCEB5AA00DAE703 /* Build configuration list for PBXNativeTarget "LibreBaseTests" */;
			buildPhases = (
				D9DD48FD2FCEB5AA00DAE703 /* Sources */,
				D9DD48FE2FCEB5AA00DAE703 /* Frameworks */,
				D9DD48FF2FCEB5AA00DAE703 /* Resources */,
			);
			buildRules = (
			);
			dependencies = (
				D9DD49032FCEB5AA00DAE703 /* PBXTargetDependency */,
			);
			fileSystemSynchronizedGroups = (
				D9DD49042FCEB5AA00DAE703 /* LibreBaseTests */,
			);
			name = LibreBaseTests;
			packageProductDependencies = (
			);
			productName = LibreBaseTests;
			productReference = D9DD49012FCEB5AA00DAE703 /* LibreBaseTests.xctest */;
			productType = "com.apple.product-type.bundle.unit-test";
		};
		D9DD490A2FCEB5AA00DAE703 /* LibreBaseUITests */ = {
			isa = PBXNativeTarget;
			buildConfigurationList = D9DD491C2FCEB5AA00DAE703 /* Build configuration list for PBXNativeTarget "LibreBaseUITests" */;
			buildPhases = (
				D9DD49072FCEB5AA00DAE703 /* Sources */,
				D9DD49082FCEB5AA00DAE703 /* Frameworks */,
				D9DD49092FCEB5AA00DAE703 /* Resources */,
			);
			buildRules = (
			);
			dependencies = (
				D9DD490D2FCEB5AA00DAE703 /* PBXTargetDependency */,
			);
			fileSystemSynchronizedGroups = (
				D9DD490E2FCEB5AA00DAE703 /* LibreBaseUITests */,
			);
			name = LibreBaseUITests;
			packageProductDependencies = (
			);
			productName = LibreBaseUITests;
			productReference = D9DD490B2FCEB5AA00DAE703 /* LibreBaseUITests.xctest */;
			productType = "com.apple.product-type.bundle.ui-testing";
		};
/* End PBXNativeTarget section */

/* Begin PBXProject section */
		D9DD48E82FCEB5A800DAE703 /* Project object */ = {
			isa = PBXProject;
			attributes = {
				BuildIndependentTargetsInParallel = 1;
				LastSwiftUpdateCheck = 2650;
				LastUpgradeCheck = 2650;
				TargetAttributes = {
					D9DD48EF2FCEB5A800DAE703 = {
						CreatedOnToolsVersion = 26.5;
					};
					D9DD49002FCEB5AA00DAE703 = {
						CreatedOnToolsVersion = 26.5;
						TestTargetID = D9DD48EF2FCEB5A800DAE703;
					};
					D9DD490A2FCEB5AA00DAE703 = {
						CreatedOnToolsVersion = 26.5;
						TestTargetID = D9DD48EF2FCEB5A800DAE703;
					};
				};
			};
			buildConfigurationList = D9DD48EB2FCEB5A800DAE703 /* Build configuration list for PBXProject "LibreBase" */;
			developmentRegion = en;
			hasScannedForEncodings = 0;
			knownRegions = (
				en,
				Base,
			);
			mainGroup = D9DD48E72FCEB5A800DAE703;
			minimizedProjectReferenceProxies = 1;
			preferredProjectObjectVersion = 77;
			productRefGroup = D9DD48F12FCEB5A800DAE703 /* Products */;
			projectDirPath = "";
			projectRoot = "";
			targets = (
				D9DD48EF2FCEB5A800DAE703 /* LibreBase */,
				D9DD49002FCEB5AA00DAE703 /* LibreBaseTests */,
				D9DD490A2FCEB5AA00DAE703 /* LibreBaseUITests */,
			);
		};
/* End PBXProject section */

/* Begin PBXResourcesBuildPhase section */
		D9DD48EE2FCEB5A800DAE703 /* Resources */ = {
			isa = PBXResourcesBuildPhase;
			buildActionMask = 2147483647;
			files = (
			);
			runOnlyForDeploymentPostprocessing = 0;
		};
		D9DD48FF2FCEB5AA00DAE703 /* Resources */ = {
			isa = PBXResourcesBuildPhase;
			buildActionMask = 2147483647;
			files = (
			);
			runOnlyForDeploymentPostprocessing = 0;
		};
		D9DD49092FCEB5AA00DAE703 /* Resources */ = {
			isa = PBXResourcesBuildPhase;
			buildActionMask = 2147483647;
			files = (
			);
			runOnlyForDeploymentPostprocessing = 0;
		};
/* End PBXResourcesBuildPhase section */

/* Begin PBXSourcesBuildPhase section */
		D9DD48EC2FCEB5A800DAE703 /* Sources */ = {
			isa = PBXSourcesBuildPhase;
			buildActionMask = 2147483647;
			files = (
			);
			runOnlyForDeploymentPostprocessing = 0;
		};
		D9DD48FD2FCEB5AA00DAE703 /* Sources */ = {
			isa = PBXSourcesBuildPhase;
			buildActionMask = 2147483647;
			files = (
			);
			runOnlyForDeploymentPostprocessing = 0;
		};
		D9DD49072FCEB5AA00DAE703 /* Sources */ = {
			isa = PBXSourcesBuildPhase;
			buildActionMask = 2147483647;
			files = (
			);
			runOnlyForDeploymentPostprocessing = 0;
		};
/* End PBXSourcesBuildPhase section */

/* Begin PBXTargetDependency section */
		D9DD49032FCEB5AA00DAE703 /* PBXTargetDependency */ = {
			isa = PBXTargetDependency;
			target = D9DD48EF2FCEB5A800DAE703 /* LibreBase */;
			targetProxy = D9DD49022FCEB5AA00DAE703 /* PBXContainerItemProxy */;
		};
		D9DD490D2FCEB5AA00DAE703 /* PBXTargetDependency */ = {
			isa = PBXTargetDependency;
			target = D9DD48EF2FCEB5A800DAE703 /* LibreBase */;
			targetProxy = D9DD490C2FCEB5AA00DAE703 /* PBXContainerItemProxy */;
		};
/* End PBXTargetDependency section */

/* Begin XCBuildConfiguration section */
		D9DD49152FCEB5AA00DAE703 /* Debug */ = {
			isa = XCBuildConfiguration;
			buildSettings = {
				ASSETCATALOG_COMPILER_APPICON_NAME = AppIcon;
				ASSETCATALOG_COMPILER_GLOBAL_ACCENT_COLOR_NAME = AccentColor;
				CODE_SIGN_ENTITLEMENTS = LibreBase/LibreBase.entitlements;
				CODE_SIGN_STYLE = Automatic;
				CURRENT_PROJECT_VERSION = 2;
				DEVELOPMENT_TEAM = 4VYV5C3L3Y;
				ENABLE_PREVIEWS = YES;
				GENERATE_INFOPLIST_FILE = YES;
				INFOPLIST_FILE = LibreBase/Info.plist;
				INFOPLIST_KEY_UIApplicationSceneManifest_Generation = YES;
				INFOPLIST_KEY_UIApplicationSupportsIndirectInputEvents = YES;
				INFOPLIST_KEY_UILaunchScreen_Generation = YES;
				INFOPLIST_KEY_UISupportedInterfaceOrientations_iPad = "UIInterfaceOrientationPortrait UIInterfaceOrientationPortraitUpsideDown UIInterfaceOrientationLandscapeLeft UIInterfaceOrientationLandscapeRight";
				INFOPLIST_KEY_UISupportedInterfaceOrientations_iPhone = "UIInterfaceOrientationPortrait UIInterfaceOrientationLandscapeLeft UIInterfaceOrientationLandscapeRight";
				LD_RUNPATH_SEARCH_PATHS = (
					"$(inherited)",
					"@executable_path/Frameworks",
				);
				MARKETING_VERSION = 1.1;
				PRODUCT_BUNDLE_IDENTIFIER = com.michelstorms.LibreBase;
				PRODUCT_NAME = "$(TARGET_NAME)";
				STRING_CATALOG_GENERATE_SYMBOLS = YES;
				SWIFT_APPROACHABLE_CONCURRENCY = YES;
				SWIFT_DEFAULT_ACTOR_ISOLATION = MainActor;
				SWIFT_EMIT_LOC_STRINGS = YES;
				SWIFT_UPCOMING_FEATURE_MEMBER_IMPORT_VISIBILITY = YES;
				SWIFT_VERSION = 5.0;
				TARGETED_DEVICE_FAMILY = "1,2";
			};
			name = Debug;
		};
		D9DD49162FCEB5AA00DAE703 /* Release */ = {
			isa = XCBuildConfiguration;
			buildSettings = {
				ASSETCATALOG_COMPILER_APPICON_NAME = AppIcon;
				ASSETCATALOG_COMPILER_GLOBAL_ACCENT_COLOR_NAME = AccentColor;
				CODE_SIGN_ENTITLEMENTS = LibreBase/LibreBase.entitlements;
				CODE_SIGN_STYLE = Automatic;
				CURRENT_PROJECT_VERSION = 2;
				DEVELOPMENT_TEAM = 4VYV5C3L3Y;
				ENABLE_PREVIEWS = YES;
				GENERATE_INFOPLIST_FILE = YES;
				INFOPLIST_FILE = LibreBase/Info.plist;
				INFOPLIST_KEY_UIApplicationSceneManifest_Generation = YES;
				INFOPLIST_KEY_UIApplicationSupportsIndirectInputEvents = YES;
				INFOPLIST_KEY_UILaunchScreen_Generation = YES;
				INFOPLIST_KEY_UISupportedInterfaceOrientations_iPad = "UIInterfaceOrientationPortrait UIInterfaceOrientationPortraitUpsideDown UIInterfaceOrientationLandscapeLeft UIInterfaceOrientationLandscapeRight";
				INFOPLIST_KEY_UISupportedInterfaceOrientations_iPhone = "UIInterfaceOrientationPortrait UIInterfaceOrientationLandscapeLeft UIInterfaceOrientationLandscapeRight";
				LD_RUNPATH_SEARCH_PATHS = (
					"$(inherited)",
					"@executable_path/Frameworks",
				);
				MARKETING_VERSION = 1.1;
				PRODUCT_BUNDLE_IDENTIFIER = com.michelstorms.LibreBase;
				PRODUCT_NAME = "$(TARGET_NAME)";
				STRING_CATALOG_GENERATE_SYMBOLS = YES;
				SWIFT_APPROACHABLE_CONCURRENCY = YES;
				SWIFT_DEFAULT_ACTOR_ISOLATION = MainActor;
				SWIFT_EMIT_LOC_STRINGS = YES;
				SWIFT_UPCOMING_FEATURE_MEMBER_IMPORT_VISIBILITY = YES;
				SWIFT_VERSION = 5.0;
				TARGETED_DEVICE_FAMILY = "1,2";
			};
			name = Release;
		};
		D9DD49172FCEB5AA00DAE703 /* Debug */ = {
			isa = XCBuildConfiguration;
			buildSettings = {
				ALWAYS_SEARCH_USER_PATHS = NO;
				ASSETCATALOG_COMPILER_GENERATE_SWIFT_ASSET_SYMBOL_EXTENSIONS = YES;
				CLANG_ANALYZER_NONNULL = YES;
				CLANG_ANALYZER_NUMBER_OBJECT_CONVERSION = YES_AGGRESSIVE;
				CLANG_CXX_LANGUAGE_STANDARD = "gnu++20";
				CLANG_ENABLE_MODULES = YES;
				CLANG_ENABLE_OBJC_ARC = YES;
				CLANG_ENABLE_OBJC_WEAK = YES;
				CLANG_WARN_BLOCK_CAPTURE_AUTORELEASING = YES;
				CLANG_WARN_BOOL_CONVERSION = YES;
				CLANG_WARN_COMMA = YES;
				CLANG_WARN_CONSTANT_CONVERSION = YES;
				CLANG_WARN_DEPRECATED_OBJC_IMPLEMENTATIONS = YES;
				CLANG_WARN_DIRECT_OBJC_ISA_USAGE = YES_ERROR;
				CLANG_WARN_DOCUMENTATION_COMMENTS = YES;
				CLANG_WARN_EMPTY_BODY = YES;
				CLANG_WARN_ENUM_CONVERSION = YES;
				CLANG_WARN_INFINITE_RECURSION = YES;
				CLANG_WARN_INT_CONVERSION = YES;
				CLANG_WARN_NON_LITERAL_NULL_CONVERSION = YES;
				CLANG_WARN_OBJC_IMPLICIT_RETAIN_SELF = YES;
				CLANG_WARN_OBJC_LITERAL_CONVERSION = YES;
				CLANG_WARN_OBJC_ROOT_CLASS = YES_ERROR;
				CLANG_WARN_QUOTED_INCLUDE_IN_FRAMEWORK_HEADER = YES;
				CLANG_WARN_RANGE_LOOP_ANALYSIS = YES;
				CLANG_WARN_STRICT_PROTOTYPES = YES;
				CLANG_WARN_SUSPICIOUS_MOVE = YES;
				CLANG_WARN_UNGUARDED_AVAILABILITY = YES_AGGRESSIVE;
				CLANG_WARN_UNREACHABLE_CODE = YES;
				CLANG_WARN__DUPLICATE_METHOD_MATCH = YES;
				COPY_PHASE_STRIP = NO;
				DEBUG_INFORMATION_FORMAT = dwarf;
				DEVELOPMENT_TEAM = 4VYV5C3L3Y;
				ENABLE_STRICT_OBJC_MSGSEND = YES;
				ENABLE_TESTABILITY = YES;
				ENABLE_USER_SCRIPT_SANDBOXING = YES;
				GCC_C_LANGUAGE_STANDARD = gnu17;
				GCC_DYNAMIC_NO_PIC = NO;
				GCC_NO_COMMON_BLOCKS = YES;
				GCC_OPTIMIZATION_LEVEL = 0;
				GCC_PREPROCESSOR_DEFINITIONS = (
					"DEBUG=1",
					"$(inherited)",
				);
				GCC_WARN_64_TO_32_BIT_CONVERSION = YES;
				GCC_WARN_ABOUT_RETURN_TYPE = YES_ERROR;
				GCC_WARN_UNDECLARED_SELECTOR = YES;
				GCC_WARN_UNINITIALIZED_AUTOS = YES_AGGRESSIVE;
				GCC_WARN_UNUSED_FUNCTION = YES;
				GCC_WARN_UNUSED_VARIABLE = YES;
				IPHONEOS_DEPLOYMENT_TARGET = 26.5;
				LOCALIZATION_PREFERS_STRING_CATALOGS = YES;
				MTL_ENABLE_DEBUG_INFO = INCLUDE_SOURCE;
				MTL_FAST_MATH = YES;
				ONLY_ACTIVE_ARCH = YES;
				SDKROOT = iphoneos;
				SWIFT_ACTIVE_COMPILATION_CONDITIONS = "DEBUG $(inherited)";
				SWIFT_OPTIMIZATION_LEVEL = "-Onone";
			};
			name = Debug;
		};
		D9DD49182FCEB5AA00DAE703 /* Release */ = {
			isa = XCBuildConfiguration;
			buildSettings = {
				ALWAYS_SEARCH_USER_PATHS = NO;
				ASSETCATALOG_COMPILER_GENERATE_SWIFT_ASSET_SYMBOL_EXTENSIONS = YES;
				CLANG_ANALYZER_NONNULL = YES;
				CLANG_ANALYZER_NUMBER_OBJECT_CONVERSION = YES_AGGRESSIVE;
				CLANG_CXX_LANGUAGE_STANDARD = "gnu++20";
				CLANG_ENABLE_MODULES = YES;
				CLANG_ENABLE_OBJC_ARC = YES;
				CLANG_ENABLE_OBJC_WEAK = YES;
				CLANG_WARN_BLOCK_CAPTURE_AUTORELEASING = YES;
				CLANG_WARN_BOOL_CONVERSION = YES;
				CLANG_WARN_COMMA = YES;
				CLANG_WARN_CONSTANT_CONVERSION = YES;
				CLANG_WARN_DEPRECATED_OBJC_IMPLEMENTATIONS = YES;
				CLANG_WARN_DIRECT_OBJC_ISA_USAGE = YES_ERROR;
				CLANG_WARN_DOCUMENTATION_COMMENTS = YES;
				CLANG_WARN_EMPTY_BODY = YES;
				CLANG_WARN_ENUM_CONVERSION = YES;
				CLANG_WARN_INFINITE_RECURSION = YES;
				CLANG_WARN_INT_CONVERSION = YES;
				CLANG_WARN_NON_LITERAL_NULL_CONVERSION = YES;
				CLANG_WARN_OBJC_IMPLICIT_RETAIN_SELF = YES;
				CLANG_WARN_OBJC_LITERAL_CONVERSION = YES;
				CLANG_WARN_OBJC_ROOT_CLASS = YES_ERROR;
				CLANG_WARN_QUOTED_INCLUDE_IN_FRAMEWORK_HEADER = YES;
				CLANG_WARN_RANGE_LOOP_ANALYSIS = YES;
				CLANG_WARN_STRICT_PROTOTYPES = YES;
				CLANG_WARN_SUSPICIOUS_MOVE = YES;
				CLANG_WARN_UNGUARDED_AVAILABILITY = YES_AGGRESSIVE;
				CLANG_WARN_UNREACHABLE_CODE = YES;
				CLANG_WARN__DUPLICATE_METHOD_MATCH = YES;
				COPY_PHASE_STRIP = NO;
				DEBUG_INFORMATION_FORMAT = "dwarf-with-dsym";
				DEVELOPMENT_TEAM = 4VYV5C3L3Y;
				ENABLE_NS_ASSERTIONS = NO;
				ENABLE_STRICT_OBJC_MSGSEND = YES;
				ENABLE_USER_SCRIPT_SANDBOXING = YES;
				GCC_C_LANGUAGE_STANDARD = gnu17;
				GCC_NO_COMMON_BLOCKS = YES;
				GCC_WARN_64_TO_32_BIT_CONVERSION = YES;
				GCC_WARN_ABOUT_RETURN_TYPE = YES_ERROR;
				GCC_WARN_UNDECLARED_SELECTOR = YES;
				GCC_WARN_UNINITIALIZED_AUTOS = YES_AGGRESSIVE;
				GCC_WARN_UNUSED_FUNCTION = YES;
				GCC_WARN_UNUSED_VARIABLE = YES;
				IPHONEOS_DEPLOYMENT_TARGET = 26.5;
				LOCALIZATION_PREFERS_STRING_CATALOGS = YES;
				MTL_ENABLE_DEBUG_INFO = NO;
				MTL_FAST_MATH = YES;
				SDKROOT = iphoneos;
				SWIFT_COMPILATION_MODE = wholemodule;
				VALIDATE_PRODUCT = YES;
			};
			name = Release;
		};
		D9DD491A2FCEB5AA00DAE703 /* Debug */ = {
			isa = XCBuildConfiguration;
			buildSettings = {
				BUNDLE_LOADER = "$(TEST_HOST)";
				CODE_SIGN_STYLE = Automatic;
				CURRENT_PROJECT_VERSION = 2;
				DEVELOPMENT_TEAM = 4VYV5C3L3Y;
				GENERATE_INFOPLIST_FILE = YES;
				IPHONEOS_DEPLOYMENT_TARGET = 26.5;
				MARKETING_VERSION = 1.1;
				PRODUCT_BUNDLE_IDENTIFIER = com.michelstorms.LibreBaseTests;
				PRODUCT_NAME = "$(TARGET_NAME)";
				STRING_CATALOG_GENERATE_SYMBOLS = NO;
				SWIFT_APPROACHABLE_CONCURRENCY = YES;
				SWIFT_EMIT_LOC_STRINGS = NO;
				SWIFT_UPCOMING_FEATURE_MEMBER_IMPORT_VISIBILITY = YES;
				SWIFT_VERSION = 5.0;
				TARGETED_DEVICE_FAMILY = "1,2";
				TEST_HOST = "$(BUILT_PRODUCTS_DIR)/LibreBase.app/$(BUNDLE_EXECUTABLE_FOLDER_PATH)/LibreBase";
			};
			name = Debug;
		};
		D9DD491B2FCEB5AA00DAE703 /* Release */ = {
			isa = XCBuildConfiguration;
			buildSettings = {
				BUNDLE_LOADER = "$(TEST_HOST)";
				CODE_SIGN_STYLE = Automatic;
				CURRENT_PROJECT_VERSION = 2;
				DEVELOPMENT_TEAM = 4VYV5C3L3Y;
				GENERATE_INFOPLIST_FILE = YES;
				IPHONEOS_DEPLOYMENT_TARGET = 26.5;
				MARKETING_VERSION = 1.1;
				PRODUCT_BUNDLE_IDENTIFIER = com.michelstorms.LibreBaseTests;
				PRODUCT_NAME = "$(TARGET_NAME)";
				STRING_CATALOG_GENERATE_SYMBOLS = NO;
				SWIFT_APPROACHABLE_CONCURRENCY = YES;
				SWIFT_EMIT_LOC_STRINGS = NO;
				SWIFT_UPCOMING_FEATURE_MEMBER_IMPORT_VISIBILITY = YES;
				SWIFT_VERSION = 5.0;
				TARGETED_DEVICE_FAMILY = "1,2";
				TEST_HOST = "$(BUILT_PRODUCTS_DIR)/LibreBase.app/$(BUNDLE_EXECUTABLE_FOLDER_PATH)/LibreBase";
			};
			name = Release;
		};
		D9DD491D2FCEB5AA00DAE703 /* Debug */ = {
			isa = XCBuildConfiguration;
			buildSettings = {
				CODE_SIGN_STYLE = Automatic;
				CURRENT_PROJECT_VERSION = 2;
				DEVELOPMENT_TEAM = 4VYV5C3L3Y;
				GENERATE_INFOPLIST_FILE = YES;
				MARKETING_VERSION = 1.1;
				PRODUCT_BUNDLE_IDENTIFIER = com.michelstorms.LibreBaseUITests;
				PRODUCT_NAME = "$(TARGET_NAME)";
				STRING_CATALOG_GENERATE_SYMBOLS = NO;
				SWIFT_APPROACHABLE_CONCURRENCY = YES;
				SWIFT_EMIT_LOC_STRINGS = NO;
				SWIFT_UPCOMING_FEATURE_MEMBER_IMPORT_VISIBILITY = YES;
				SWIFT_VERSION = 5.0;
				TARGETED_DEVICE_FAMILY = "1,2";
				TEST_TARGET_NAME = LibreBase;
			};
			name = Debug;
		};
		D9DD491E2FCEB5AA00DAE703 /* Release */ = {
			isa = XCBuildConfiguration;
			buildSettings = {
				CODE_SIGN_STYLE = Automatic;
				CURRENT_PROJECT_VERSION = 2;
				DEVELOPMENT_TEAM = 4VYV5C3L3Y;
				GENERATE_INFOPLIST_FILE = YES;
				MARKETING_VERSION = 1.1;
				PRODUCT_BUNDLE_IDENTIFIER = com.michelstorms.LibreBaseUITests;
				PRODUCT_NAME = "$(TARGET_NAME)";
				STRING_CATALOG_GENERATE_SYMBOLS = NO;
				SWIFT_APPROACHABLE_CONCURRENCY = YES;
				SWIFT_EMIT_LOC_STRINGS = NO;
				SWIFT_UPCOMING_FEATURE_MEMBER_IMPORT_VISIBILITY = YES;
				SWIFT_VERSION = 5.0;
				TARGETED_DEVICE_FAMILY = "1,2";
				TEST_TARGET_NAME = LibreBase;
			};
			name = Release;
		};
/* End XCBuildConfiguration section */

/* Begin XCConfigurationList section */
		D9DD48EB2FCEB5A800DAE703 /* Build configuration list for PBXProject "LibreBase" */ = {
			isa = XCConfigurationList;
			buildConfigurations = (
				D9DD49172FCEB5AA00DAE703 /* Debug */,
				D9DD49182FCEB5AA00DAE703 /* Release */,
			);
			defaultConfigurationIsVisible = 0;
			defaultConfigurationName = Release;
		};
		D9DD49142FCEB5AA00DAE703 /* Build configuration list for PBXNativeTarget "LibreBase" */ = {
			isa = XCConfigurationList;
			buildConfigurations = (
				D9DD49152FCEB5AA00DAE703 /* Debug */,
				D9DD49162FCEB5AA00DAE703 /* Release */,
			);
			defaultConfigurationIsVisible = 0;
			defaultConfigurationName = Release;
		};
		D9DD49192FCEB5AA00DAE703 /* Build configuration list for PBXNativeTarget "LibreBaseTests" */ = {
			isa = XCConfigurationList;
			buildConfigurations = (
				D9DD491A2FCEB5AA00DAE703 /* Debug */,
				D9DD491B2FCEB5AA00DAE703 /* Release */,
			);
			defaultConfigurationIsVisible = 0;
			defaultConfigurationName = Release;
		};
		D9DD491C2FCEB5AA00DAE703 /* Build configuration list for PBXNativeTarget "LibreBaseUITests" */ = {
			isa = XCConfigurationList;
			buildConfigurations = (
				D9DD491D2FCEB5AA00DAE703 /* Debug */,
				D9DD491E2FCEB5AA00DAE703 /* Release */,
			);
			defaultConfigurationIsVisible = 0;
			defaultConfigurationName = Release;
		};
/* End XCConfigurationList section */
	};
	rootObject = D9DD48E82FCEB5A800DAE703 /* Project object */;
}
